
Microsoft Visual Studio Solution File, Format Version 12.00
# Visual Studio 15
VisualStudioVersion = 15.0.28307.852
MinimumVisualStudioVersion = 10.0.40219.1
Project("{FAE04EC0-301F-11D3-BF4B-00C04F79EFBC}") = "DataStructures", "NextProject\DataStructures.csproj", "{BD5F4650-0C74-4AFD-B277-E5AB5E657020}"
EndProject
Global
	GlobalSection(SolutionConfigurationPlatforms) = preSolution
		Debug|Any CPU = Debug|Any CPU
		Release|Any CPU = Release|Any CPU
	EndGlobalSection
	GlobalSection(ProjectConfigurationPlatforms) = postSolution
		{BD5F4650-0C74-4AFD-B277-E5AB5E657020}.Debug|Any CPU.ActiveCfg = Debug|Any CPU
		{BD5F4650-0C74-4AFD-B277-E5AB5E657020}.Debug|Any CPU.Build.0 = Debug|Any CPU
		{BD5F4650-0C74-4AFD-B277-E5AB5E657020}.Release|Any CPU.ActiveCfg = Release|Any CPU
		{BD5F4650-0C74-4AFD-B277-E5AB5E657020}.Release|Any CPU.Build.0 = Release|Any CPU
	EndGlobalSection
	GlobalSection(SolutionProperties) = preSolution
		HideSolutionNode = FALSE
	EndGlobalSection
	GlobalSection(ExtensibilityGlobals) = postSolution
		SolutionGuid = {D039287A-3A41-425A-9748-DF3EA5122D2D}
	EndGlobalSection
EndGlobal
